{
  "name": "@bitwarden/desktop",
  "version": "2025.11.2",
  "lockfileVersion": 3,
  "requires": true,
  "packages": {
    "": {
      "name": "@bitwarden/desktop",
      "version": "2025.11.2",
      "license": "GPL-3.0",
      "dependencies": {
        "@bitwarden/desktop-napi": "file:../desktop_native/napi"
      }
    },
    "../desktop_native/napi": {
      "name": "@bitwarden/desktop-napi",
      "version": "0.1.0",
      "license": "GPL-3.0",
      "devDependencies": {
        "@napi-rs/cli": "2.18.4"
      }
    },
    "node_modules/@bitwarden/desktop-napi": {
      "resolved": "../desktop_native/napi",
      "link": true
    }
  }
}
