--- apps/desktop/desktop_native/Cargo.lock.orig	2024-08-23 02:03:28 UTC
+++ apps/desktop/desktop_native/Cargo.lock
@@ -283,6 +283,12 @@ dependencies = [
 ]
 
 [[package]]
+name = "bytes"
+version = "1.7.1"
+source = "registry+https://github.com/rust-lang/crates.io-index"
+checksum = "8318a53db07bb3f8dca91a600466bdb3f2eaadeedfdbcf02e1accbad9271ba50"
+
+[[package]]
 name = "cbc"
 version = "0.1.2"
 source = "registry+https://github.com/rust-lang/crates.io-index"
